
Microsoft Visual Studio Solution File, Format Version 12.00
# Visual Studio Version 17
VisualStudioVersion = 17.1.32210.238
MinimumVisualStudioVersion = 10.0.40219.1
Project("{FAE04EC0-301F-11D3-BF4B-00C04F79EFBC}") = "Session-06", "Session-06\Session-06.csproj", "{84DC199B-F65B-4179-B60A-21386975EC8F}"
EndProject
Project("{FAE04EC0-301F-11D3-BF4B-00C04F79EFBC}") = "Calculator", "Calculator\Calculator.csproj", "{D334024B-ABD3-40B1-98BB-A54B840277B9}"
EndProject
Project("{FAE04EC0-301F-11D3-BF4B-00C04F79EFBC}") = "Calc", "Calc\Calc.csproj", "{BE282CE3-988A-445F-A232-DF91726EB01A}"
EndProject
Global
	GlobalSection(SolutionConfigurationPlatforms) = preSolution
		Debug|Any CPU = Debug|Any CPU
		Release|Any CPU = Release|Any CPU
	EndGlobalSection
	GlobalSection(ProjectConfigurationPlatforms) = postSolution
		{84DC199B-F65B-4179-B60A-21386975EC8F}.Debug|Any CPU.ActiveCfg = Debug|Any CPU
		{84DC199B-F65B-4179-B60A-21386975EC8F}.Debug|Any CPU.Build.0 = Debug|Any CPU
		{84DC199B-F65B-4179-B60A-21386975EC8F}.Release|Any CPU.ActiveCfg = Release|Any CPU
		{84DC199B-F65B-4179-B60A-21386975EC8F}.Release|Any CPU.Build.0 = Release|Any CPU
		{D334024B-ABD3-40B1-98BB-A54B840277B9}.Debug|Any CPU.ActiveCfg = Debug|Any CPU
		{D334024B-ABD3-40B1-98BB-A54B840277B9}.Debug|Any CPU.Build.0 = Debug|Any CPU
		{D334024B-ABD3-40B1-98BB-A54B840277B9}.Release|Any CPU.ActiveCfg = Release|Any CPU
		{D334024B-ABD3-40B1-98BB-A54B840277B9}.Release|Any CPU.Build.0 = Release|Any CPU
		{BE282CE3-988A-445F-A232-DF91726EB01A}.Debug|Any CPU.ActiveCfg = Debug|Any CPU
		{BE282CE3-988A-445F-A232-DF91726EB01A}.Debug|Any CPU.Build.0 = Debug|Any CPU
		{BE282CE3-988A-445F-A232-DF91726EB01A}.Release|Any CPU.ActiveCfg = Release|Any CPU
		{BE282CE3-988A-445F-A232-DF91726EB01A}.Release|Any CPU.Build.0 = Release|Any CPU
	EndGlobalSection
	GlobalSection(SolutionProperties) = preSolution
		HideSolutionNode = FALSE
	EndGlobalSection
	GlobalSection(ExtensibilityGlobals) = postSolution
		SolutionGuid = {0E3E43A3-C647-4E66-B548-80B12141BF55}
	EndGlobalSection
EndGlobal
